// !$*UTF8*$!
{
	archiveVersion = 1;
	classes = {
	};
	objectVersion = 46;
	objects = {

/* Begin PBXBuildFile section */
		A93A6DC61948F78B00251669 /* libCorePlot-CocoaTouch.a in Frameworks */ = {isa = PBXBuildFile; fileRef = A93A6DC31948F70900251669 /* libCorePlot-CocoaTouch.a */; };
		A93A6DC8194A172C00251669 /* GoogleMaps.framework in Frameworks */ = {isa = PBXBuildFile; fileRef = A93A6DC7194A172C00251669 /* GoogleMaps.framework */; };
		A93A6DCA194A177400251669 /* GoogleMaps.bundle in Resources */ = {isa = PBXBuildFile; fileRef = A93A6DC9194A177400251669 /* GoogleMaps.bundle */; };
		A93A6DCC194A17D000251669 /* AVFoundation.framework in Frameworks */ = {isa = PBXBuildFile; fileRef = A93A6DCB194A17D000251669 /* AVFoundation.framework */; };
		A93A6DCE194A180E00251669 /* CoreText.framework in Frameworks */ = {isa = PBXBuildFile; fileRef = A93A6DCD194A180E00251669 /* CoreText.framework */; };
		A93A6DD0194A182000251669 /* GLKit.framework in Frameworks */ = {isa = PBXBuildFile; fileRef = A93A6DCF194A182000251669 /* GLKit.framework */; };
		A93A6DD2194A184F00251669 /* libc++.dylib in Frameworks */ = {isa = PBXBuildFile; fileRef = A93A6DD1194A184F00251669 /* libc++.dylib */; };
		A93A6DD4194A185D00251669 /* libicucore.dylib in Frameworks */ = {isa = PBXBuildFile; fileRef = A93A6DD3194A185D00251669 /* libicucore.dylib */; };
		A93A6DD6194A186D00251669 /* libz.dylib in Frameworks */ = {isa = PBXBuildFile; fileRef = A93A6DD5194A186D00251669 /* libz.dylib */; };
		A93A6DD8194A187800251669 /* OpenGLES.framework in Frameworks */ = {isa = PBXBuildFile; fileRef = A93A6DD7194A187800251669 /* OpenGLES.framework */; };
		A990BBCD19510BD70019BF49 /* BHProgressView.m in Sources */ = {isa = PBXBuildFile; fileRef = A990BBCC19510BD70019BF49 /* BHProgressView.m */; };
		A990BBD819510EEC0019BF49 /* UIColor+RGBValues.m in Sources */ = {isa = PBXBuildFile; fileRef = A990BBD719510EEC0019BF49 /* UIColor+RGBValues.m */; };
		A99778D6196A669200739A8F /* Check-in.png in Resources */ = {isa = PBXBuildFile; fileRef = A99778D5196A669200739A8F /* Check-in.png */; };
		A99778DB196CB70E00739A8F /* BHSetArrivalTimeViewController.m in Sources */ = {isa = PBXBuildFile; fileRef = A99778DA196CB70E00739A8F /* BHSetArrivalTimeViewController.m */; };
		A999CC271961F4A20082018A /* BHCheckinListViewController.m in Sources */ = {isa = PBXBuildFile; fileRef = A999CC261961F4A20082018A /* BHCheckinListViewController.m */; };
		A9D89484196DEF2E00FCE714 /* Images.xcassets in Resources */ = {isa = PBXBuildFile; fileRef = A9D89483196DEF2E00FCE714 /* Images.xcassets */; };
		A9E919B4195390BA0049D60C /* BHBeeHiveViewController.m in Sources */ = {isa = PBXBuildFile; fileRef = A9E919B3195390BA0049D60C /* BHBeeHiveViewController.m */; };
		BC066EFC18F637CA00F96604 /* BHQueueRequest.m in Sources */ = {isa = PBXBuildFile; fileRef = BC066EFB18F637CA00F96604 /* BHQueueRequest.m */; };
		BC066EFF18F6382E00F96604 /* BHQueueResponse.m in Sources */ = {isa = PBXBuildFile; fileRef = BC066EFE18F6382E00F96604 /* BHQueueResponse.m */; };
		BC066F0718F6418A00F96604 /* JDStatusBarNotification.m in Sources */ = {isa = PBXBuildFile; fileRef = BC066F0218F6418900F96604 /* JDStatusBarNotification.m */; };
		BC066F0818F6418A00F96604 /* JDStatusBarStyle.m in Sources */ = {isa = PBXBuildFile; fileRef = BC066F0418F6418900F96604 /* JDStatusBarStyle.m */; };
		BC066F0918F6418A00F96604 /* JDStatusBarView.m in Sources */ = {isa = PBXBuildFile; fileRef = BC066F0618F6418900F96604 /* JDStatusBarView.m */; };
		BC0A377318C8FE4000566D5D /* BHBuilding.m in Sources */ = {isa = PBXBuildFile; fileRef = BC0A377218C8FE4000566D5D /* BHBuilding.m */; };
		BC0A377818C8FE5400566D5D /* BHLocation.m in Sources */ = {isa = PBXBuildFile; fileRef = BC0A377718C8FE5400566D5D /* BHLocation.m */; };
		BC12918D192A06AA00225A13 /* pin_green_small.png in Resources */ = {isa = PBXBuildFile; fileRef = BC129189192A06AA00225A13 /* pin_green_small.png */; };
		BC12918E192A06AA00225A13 /* pin_green.png in Resources */ = {isa = PBXBuildFile; fileRef = BC12918A192A06AA00225A13 /* pin_green.png */; };
		BC12918F192A06AA00225A13 /* pin_red_small.png in Resources */ = {isa = PBXBuildFile; fileRef = BC12918B192A06AA00225A13 /* pin_red_small.png */; };
		BC129190192A06AA00225A13 /* pin_red.png in Resources */ = {isa = PBXBuildFile; fileRef = BC12918C192A06AA00225A13 /* pin_red.png */; };
		BC129196192A3E0900225A13 /* BHUtils.m in Sources */ = {isa = PBXBuildFile; fileRef = BC129195192A3E0900225A13 /* BHUtils.m */; };
		BC2AA54B18BC68BC0001BA98 /* Security.framework in Frameworks */ = {isa = PBXBuildFile; fileRef = BC2AA54A18BC68BC0001BA98 /* Security.framework */; };
		BC2AA54D18BC68C40001BA98 /* CFNetwork.framework in Frameworks */ = {isa = PBXBuildFile; fileRef = BC2AA54C18BC68C40001BA98 /* CFNetwork.framework */; };
		BC2AA54F18BC68CE0001BA98 /* SystemConfiguration.framework in Frameworks */ = {isa = PBXBuildFile; fileRef = BC2AA54E18BC68CE0001BA98 /* SystemConfiguration.framework */; };
		BC2AA55118BC68D50001BA98 /* CoreData.framework in Frameworks */ = {isa = PBXBuildFile; fileRef = BC2AA55018BC68D50001BA98 /* CoreData.framework */; };
		BC324E5718BD1A9A005997C5 /* Beehive.png in Resources */ = {isa = PBXBuildFile; fileRef = BC324E5618BD1A9A005997C5 /* Beehive.png */; };
		BC3EFE08190B562600E0BC30 /* Beehive_rounded.png in Resources */ = {isa = PBXBuildFile; fileRef = BC3EFE07190B562600E0BC30 /* Beehive_rounded.png */; };
		BC3EFE12190B5B0C00E0BC30 /* BHSettingViewController.m in Sources */ = {isa = PBXBuildFile; fileRef = BC3EFE11190B5B0C00E0BC30 /* BHSettingViewController.m */; };
		BC3EFE15190B5B2300E0BC30 /* BHAboutViewController.m in Sources */ = {isa = PBXBuildFile; fileRef = BC3EFE14190B5B2300E0BC30 /* BHAboutViewController.m */; };
		BC3EFE17190B618600E0BC30 /* button_background1.png in Resources */ = {isa = PBXBuildFile; fileRef = BC3EFE16190B618500E0BC30 /* button_background1.png */; };
		BC61406E190BF98300B7E45F /* MobileCoreServices.framework in Frameworks */ = {isa = PBXBuildFile; fileRef = BC61406D190BF98300B7E45F /* MobileCoreServices.framework */; };
		BC620D9818D28B7100D409A2 /* SDWebImage.framework in Frameworks */ = {isa = PBXBuildFile; fileRef = BC620D9718D28B7100D409A2 /* SDWebImage.framework */; };
		BC620D9C18D28BAF00D409A2 /* ImageIO.framework in Frameworks */ = {isa = PBXBuildFile; fileRef = BC620D9B18D28BAF00D409A2 /* ImageIO.framework */; };
		BC620D9F18D28D6000D409A2 /* BHLocationTableViewCell.m in Sources */ = {isa = PBXBuildFile; fileRef = BC620D9E18D28D6000D409A2 /* BHLocationTableViewCell.m */; };
		BC676C5018B2881800A46750 /* Foundation.framework in Frameworks */ = {isa = PBXBuildFile; fileRef = BC676C4F18B2881800A46750 /* Foundation.framework */; };
		BC676C5218B2881800A46750 /* CoreGraphics.framework in Frameworks */ = {isa = PBXBuildFile; fileRef = BC676C5118B2881800A46750 /* CoreGraphics.framework */; };
		BC676C5418B2881800A46750 /* UIKit.framework in Frameworks */ = {isa = PBXBuildFile; fileRef = BC676C5318B2881800A46750 /* UIKit.framework */; };
		BC676C5A18B2881800A46750 /* InfoPlist.strings in Resources */ = {isa = PBXBuildFile; fileRef = BC676C5818B2881800A46750 /* InfoPlist.strings */; };
		BC676C5C18B2881800A46750 /* main.m in Sources */ = {isa = PBXBuildFile; fileRef = BC676C5B18B2881800A46750 /* main.m */; };
		BC676C6018B2881800A46750 /* BHAppDelegate.m in Sources */ = {isa = PBXBuildFile; fileRef = BC676C5F18B2881800A46750 /* BHAppDelegate.m */; };
		BC676C6318B2881800A46750 /* Main_iPhone.storyboard in Resources */ = {isa = PBXBuildFile; fileRef = BC676C6118B2881800A46750 /* Main_iPhone.storyboard */; };
		BC676C6618B2881800A46750 /* Main_iPad.storyboard in Resources */ = {isa = PBXBuildFile; fileRef = BC676C6418B2881800A46750 /* Main_iPad.storyboard */; };
		BC676C7518B2881900A46750 /* XCTest.framework in Frameworks */ = {isa = PBXBuildFile; fileRef = BC676C7418B2881900A46750 /* XCTest.framework */; };
		BC676C7618B2881900A46750 /* Foundation.framework in Frameworks */ = {isa = PBXBuildFile; fileRef = BC676C4F18B2881800A46750 /* Foundation.framework */; };
		BC676C7718B2881900A46750 /* UIKit.framework in Frameworks */ = {isa = PBXBuildFile; fileRef = BC676C5318B2881800A46750 /* UIKit.framework */; };
		BC676C7F18B2881900A46750 /* InfoPlist.strings in Resources */ = {isa = PBXBuildFile; fileRef = BC676C7D18B2881900A46750 /* InfoPlist.strings */; };
		BC676C8118B2881900A46750 /* BeeHiveTests.m in Sources */ = {isa = PBXBuildFile; fileRef = BC676C8018B2881900A46750 /* BeeHiveTests.m */; };
		BC676C8C18B2893B00A46750 /* BHMapViewController.m in Sources */ = {isa = PBXBuildFile; fileRef = BC676C8B18B2893B00A46750 /* BHMapViewController.m */; };
		BC676C9118B28A1000A46750 /* MapKit.framework in Frameworks */ = {isa = PBXBuildFile; fileRef = BC676C9018B28A1000A46750 /* MapKit.framework */; };
		BC6AA28A18BDA190004674F2 /* BHBuildingAnnotation.m in Sources */ = {isa = PBXBuildFile; fileRef = BC6AA28918BDA190004674F2 /* BHBuildingAnnotation.m */; };
		BC6AA28E18BDA1D6004674F2 /* CoreLocation.framework in Frameworks */ = {isa = PBXBuildFile; fileRef = BC6AA28D18BDA1D6004674F2 /* CoreLocation.framework */; };
		BC6AA29018BDAC75004674F2 /* disclosure.png in Resources */ = {isa = PBXBuildFile; fileRef = BC6AA28F18BDAC75004674F2 /* disclosure.png */; };
		BC70B83518E73DB400B4F33E /* BHDailyStat.m in Sources */ = {isa = PBXBuildFile; fileRef = BC70B83418E73DB400B4F33E /* BHDailyStat.m */; };
		BC70B83A18E73DFD00B4F33E /* BHHourlyStat.m in Sources */ = {isa = PBXBuildFile; fileRef = BC70B83918E73DFD00B4F33E /* BHHourlyStat.m */; };
		BC74DD8B18CF82D6002359B7 /* BHLocationDetailViewController.m in Sources */ = {isa = PBXBuildFile; fileRef = BC74DD8A18CF82D6002359B7 /* BHLocationDetailViewController.m */; };
		BC74DD9018CF84B0002359B7 /* BHContributionViewController.m in Sources */ = {isa = PBXBuildFile; fileRef = BC74DD8F18CF84B0002359B7 /* BHContributionViewController.m */; };
		BC7C177218F4D8E500DF1ACA /* Default.png in Resources */ = {isa = PBXBuildFile; fileRef = BC7C177118F4D8E500DF1ACA /* Default.png */; };
		BC83438718F485F20023BC9B /* BHLocationAnnotationView.m in Sources */ = {isa = PBXBuildFile; fileRef = BC83438618F485F20023BC9B /* BHLocationAnnotationView.m */; };
		BC83438F18F49B240023BC9B /* pin_orange_small.png in Resources */ = {isa = PBXBuildFile; fileRef = BC83438E18F49B240023BC9B /* pin_orange_small.png */; };
		BC86AC8A18EBAD88001068B0 /* BHLocationHourlyStat.m in Sources */ = {isa = PBXBuildFile; fileRef = BC86AC8918EBAD88001068B0 /* BHLocationHourlyStat.m */; };
		BCAD56A918CA50AE009436B8 /* BHDataController.m in Sources */ = {isa = PBXBuildFile; fileRef = BCAD56A818CA50AE009436B8 /* BHDataController.m */; };
		BCAD56B518CA5952009436B8 /* map-paper.png in Resources */ = {isa = PBXBuildFile; fileRef = BCAD56B418CA5952009436B8 /* map-paper.png */; };
		BCAD56B718CA5982009436B8 /* list-star.png in Resources */ = {isa = PBXBuildFile; fileRef = BCAD56B618CA5982009436B8 /* list-star.png */; };
		BCAD56BC18CA82C7009436B8 /* ODRefreshControl.m in Sources */ = {isa = PBXBuildFile; fileRef = BCAD56BB18CA82C7009436B8 /* ODRefreshControl.m */; };
		BCAD56C118CADD90009436B8 /* BHLocationAnnotation.m in Sources */ = {isa = PBXBuildFile; fileRef = BCAD56C018CADD90009436B8 /* BHLocationAnnotation.m */; };
		BCAE8B7C18B66768006D052D /* QuartzCore.framework in Frameworks */ = {isa = PBXBuildFile; fileRef = BCAE8B7B18B66768006D052D /* QuartzCore.framework */; };
		BCAE8B7E18B66772006D052D /* Accelerate.framework in Frameworks */ = {isa = PBXBuildFile; fileRef = BCAE8B7D18B66772006D052D /* Accelerate.framework */; };
		BCB30E6618B3CEF6009A3669 /* BHListViewController.m in Sources */ = {isa = PBXBuildFile; fileRef = BCB30E6518B3CEF6009A3669 /* BHListViewController.m */; };
		BCD05DC618B6D94A005077AA /* CPDConstants.m in Sources */ = {isa = PBXBuildFile; fileRef = BCD05DC318B6D94A005077AA /* CPDConstants.m */; };
		BCD05DC718B6D94A005077AA /* CPDStockPriceStore.m in Sources */ = {isa = PBXBuildFile; fileRef = BCD05DC518B6D94A005077AA /* CPDStockPriceStore.m */; };
		BCE6326B18F79AA20031ADB6 /* pin_orange.png in Resources */ = {isa = PBXBuildFile; fileRef = BCE6326A18F79AA20031ADB6 /* pin_orange.png */; };
		BCED5F01190A240D00B8BACB /* icon-error.png in Resources */ = {isa = PBXBuildFile; fileRef = BCED5EF8190A240D00B8BACB /* icon-error.png */; };
		BCED5F02190A240D00B8BACB /* icon-error@2x.png in Resources */ = {isa = PBXBuildFile; fileRef = BCED5EF9190A240D00B8BACB /* icon-error@2x.png */; };
		BCED5F03190A240D00B8BACB /* icon-info.png in Resources */ = {isa = PBXBuildFile; fileRef = BCED5EFA190A240D00B8BACB /* icon-info.png */; };
		BCED5F04190A240D00B8BACB /* icon-info@2x.png in Resources */ = {isa = PBXBuildFile; fileRef = BCED5EFB190A240D00B8BACB /* icon-info@2x.png */; };
		BCED5F05190A240D00B8BACB /* icon-success.png in Resources */ = {isa = PBXBuildFile; fileRef = BCED5EFC190A240D00B8BACB /* icon-success.png */; };
		BCED5F06190A240D00B8BACB /* icon-success@2x.png in Resources */ = {isa = PBXBuildFile; fileRef = BCED5EFD190A240D00B8BACB /* icon-success@2x.png */; };
		BCED5F07190A240D00B8BACB /* TWMessageBarManager.m in Sources */ = {isa = PBXBuildFile; fileRef = BCED5EFF190A240D00B8BACB /* TWMessageBarManager.m */; };
		BCED5F08190A240D00B8BACB /* TWMessageBarManager.podspec in Resources */ = {isa = PBXBuildFile; fileRef = BCED5F00190A240D00B8BACB /* TWMessageBarManager.podspec */; };
		BCF24B6118CB6D35006BA03A /* BHLocationStat.m in Sources */ = {isa = PBXBuildFile; fileRef = BCF24B6018CB6D35006BA03A /* BHLocationStat.m */; };
		BEEA1C9C13F34734A2A57CB3 /* libPods.a in Frameworks */ = {isa = PBXBuildFile; fileRef = 8538B954861740A5B5E1D500 /* libPods.a */; };
/* End PBXBuildFile section */

/* Begin PBXContainerItemProxy section */
		A93A6DC21948F70900251669 /* PBXContainerItemProxy */ = {
			isa = PBXContainerItemProxy;
			containerPortal = A93A6DBC1948F70900251669 /* CorePlot-CocoaTouch.xcodeproj */;
			proxyType = 2;
			remoteGlobalIDString = BC9B83470FB8A0A40035D8DA;
			remoteInfo = "CorePlot-CocoaTouch";
		};
		A93A6DC41948F72B00251669 /* PBXContainerItemProxy */ = {
			isa = PBXContainerItemProxy;
			containerPortal = A93A6DBC1948F70900251669 /* CorePlot-CocoaTouch.xcodeproj */;
			proxyType = 1;
			remoteGlobalIDString = BC9B83460FB8A0A40035D8DA;
			remoteInfo = "CorePlot-CocoaTouch";
		};
		BC676C7818B2881900A46750 /* PBXContainerItemProxy */ = {
			isa = PBXContainerItemProxy;
			containerPortal = BC676C4418B2881800A46750 /* Project object */;
			proxyType = 1;
			remoteGlobalIDString = BC676C4B18B2881800A46750;
			remoteInfo = BeeHive;
		};
/* End PBXContainerItemProxy section */

/* Begin PBXFileReference section */
		8538B954861740A5B5E1D500 /* libPods.a */ = {isa = PBXFileReference; explicitFileType = archive.ar; includeInIndex = 0; path = libPods.a; sourceTree = BUILT_PRODUCTS_DIR; };
		A93A6DBC1948F70900251669 /* CorePlot-CocoaTouch.xcodeproj */ = {isa = PBXFileReference; lastKnownFileType = "wrapper.pb-project"; name = "CorePlot-CocoaTouch.xcodeproj"; path = "../../core-plot-master/framework/CorePlot-CocoaTouch.xcodeproj"; sourceTree = "<group>"; };
		A93A6DC7194A172C00251669 /* GoogleMaps.framework */ = {isa = PBXFileReference; lastKnownFileType = wrapper.framework; path = GoogleMaps.framework; sourceTree = "<group>"; };
		A93A6DC9194A177400251669 /* GoogleMaps.bundle */ = {isa = PBXFileReference; lastKnownFileType = "wrapper.plug-in"; name = GoogleMaps.bundle; path = GoogleMaps.framework/Versions/A/Resources/GoogleMaps.bundle; sourceTree = "<group>"; };
		A93A6DCB194A17D000251669 /* AVFoundation.framework */ = {isa = PBXFileReference; lastKnownFileType = wrapper.framework; name = AVFoundation.framework; path = System/Library/Frameworks/AVFoundation.framework; sourceTree = SDKROOT; };
		A93A6DCD194A180E00251669 /* CoreText.framework */ = {isa = PBXFileReference; lastKnownFileType = wrapper.framework; name = CoreText.framework; path = System/Library/Frameworks/CoreText.framework; sourceTree = SDKROOT; };
		A93A6DCF194A182000251669 /* GLKit.framework */ = {isa = PBXFileReference; lastKnownFileType = wrapper.framework; name = GLKit.framework; path = System/Library/Frameworks/GLKit.framework; sourceTree = SDKROOT; };
		A93A6DD1194A184F00251669 /* libc++.dylib */ = {isa = PBXFileReference; lastKnownFileType = "compiled.mach-o.dylib"; name = "libc++.dylib"; path = "usr/lib/libc++.dylib"; sourceTree = SDKROOT; };
		A93A6DD3194A185D00251669 /* libicucore.dylib */ = {isa = PBXFileReference; lastKnownFileType = "compiled.mach-o.dylib"; name = libicucore.dylib; path = usr/lib/libicucore.dylib; sourceTree = SDKROOT; };
		A93A6DD5194A186D00251669 /* libz.dylib */ = {isa = PBXFileReference; lastKnownFileType = "compiled.mach-o.dylib"; name = libz.dylib; path = usr/lib/libz.dylib; sourceTree = SDKROOT; };
		A93A6DD7194A187800251669 /* OpenGLES.framework */ = {isa = PBXFileReference; lastKnownFileType = wrapper.framework; name = OpenGLES.framework; path = System/Library/Frameworks/OpenGLES.framework; sourceTree = SDKROOT; };
		A990BBCB19510BD70019BF49 /* BHProgressView.h */ = {isa = PBXFileReference; fileEncoding = 4; lastKnownFileType = sourcecode.c.h; path = BHProgressView.h; sourceTree = "<group>"; };
		A990BBCC19510BD70019BF49 /* BHProgressView.m */ = {isa = PBXFileReference; fileEncoding = 4; lastKnownFileType = sourcecode.c.objc; path = BHProgressView.m; sourceTree = "<group>"; };
		A990BBD619510EEC0019BF49 /* UIColor+RGBValues.h */ = {isa = PBXFileReference; fileEncoding = 4; lastKnownFileType = sourcecode.c.h; path = "UIColor+RGBValues.h"; sourceTree = "<group>"; };
		A990BBD719510EEC0019BF49 /* UIColor+RGBValues.m */ = {isa = PBXFileReference; fileEncoding = 4; lastKnownFileType = sourcecode.c.objc; path = "UIColor+RGBValues.m"; sourceTree = "<group>"; };
		A99778D5196A669200739A8F /* Check-in.png */ = {isa = PBXFileReference; lastKnownFileType = image.png; path = "Check-in.png"; sourceTree = "<group>"; };
		A99778D9196CB70E00739A8F /* BHSetArrivalTimeViewController.h */ = {isa = PBXFileReference; fileEncoding = 4; lastKnownFileType = sourcecode.c.h; path = BHSetArrivalTimeViewController.h; sourceTree = "<group>"; };
		A99778DA196CB70E00739A8F /* BHSetArrivalTimeViewController.m */ = {isa = PBXFileReference; fileEncoding = 4; lastKnownFileType = sourcecode.c.objc; path = BHSetArrivalTimeViewController.m; sourceTree = "<group>"; };
		A999CC251961F4A20082018A /* BHCheckinListViewController.h */ = {isa = PBXFileReference; fileEncoding = 4; lastKnownFileType = sourcecode.c.h; path = BHCheckinListViewController.h; sourceTree = "<group>"; };
		A999CC261961F4A20082018A /* BHCheckinListViewController.m */ = {isa = PBXFileReference; fileEncoding = 4; lastKnownFileType = sourcecode.c.objc; path = BHCheckinListViewController.m; sourceTree = "<group>"; };
		A9D89483196DEF2E00FCE714 /* Images.xcassets */ = {isa = PBXFileReference; lastKnownFileType = folder.assetcatalog; path = Images.xcassets; sourceTree = "<group>"; };
		A9E919B2195390BA0049D60C /* BHBeeHiveViewController.h */ = {isa = PBXFileReference; fileEncoding = 4; lastKnownFileType = sourcecode.c.h; path = BHBeeHiveViewController.h; sourceTree = "<group>"; };
		A9E919B3195390BA0049D60C /* BHBeeHiveViewController.m */ = {isa = PBXFileReference; fileEncoding = 4; lastKnownFileType = sourcecode.c.objc; path = BHBeeHiveViewController.m; sourceTree = "<group>"; };
		B95F5CF4F9F34E78B42E7B38 /* Pods.xcconfig */ = {isa = PBXFileReference; includeInIndex = 1; lastKnownFileType = text.xcconfig; name = Pods.xcconfig; path = Pods/Pods.xcconfig; sourceTree = "<group>"; };
		BC066EFA18F637CA00F96604 /* BHQueueRequest.h */ = {isa = PBXFileReference; fileEncoding = 4; lastKnownFileType = sourcecode.c.h; path = BHQueueRequest.h; sourceTree = "<group>"; };
		BC066EFB18F637CA00F96604 /* BHQueueRequest.m */ = {isa = PBXFileReference; fileEncoding = 4; lastKnownFileType = sourcecode.c.objc; path = BHQueueRequest.m; sourceTree = "<group>"; };
		BC066EFD18F6382E00F96604 /* BHQueueResponse.h */ = {isa = PBXFileReference; fileEncoding = 4; lastKnownFileType = sourcecode.c.h; path = BHQueueResponse.h; sourceTree = "<group>"; };
		BC066EFE18F6382E00F96604 /* BHQueueResponse.m */ = {isa = PBXFileReference; fileEncoding = 4; lastKnownFileType = sourcecode.c.objc; path = BHQueueResponse.m; sourceTree = "<group>"; };
		BC066F0118F6418900F96604 /* JDStatusBarNotification.h */ = {isa = PBXFileReference; fileEncoding = 4; lastKnownFileType = sourcecode.c.h; path = JDStatusBarNotification.h; sourceTree = "<group>"; };
		BC066F0218F6418900F96604 /* JDStatusBarNotification.m */ = {isa = PBXFileReference; fileEncoding = 4; lastKnownFileType = sourcecode.c.objc; path = JDStatusBarNotification.m; sourceTree = "<group>"; };
		BC066F0318F6418900F96604 /* JDStatusBarStyle.h */ = {isa = PBXFileReference; fileEncoding = 4; lastKnownFileType = sourcecode.c.h; path = JDStatusBarStyle.h; sourceTree = "<group>"; };
		BC066F0418F6418900F96604 /* JDStatusBarStyle.m */ = {isa = PBXFileReference; fileEncoding = 4; lastKnownFileType = sourcecode.c.objc; path = JDStatusBarStyle.m; sourceTree = "<group>"; };
		BC066F0518F6418900F96604 /* JDStatusBarView.h */ = {isa = PBXFileReference; fileEncoding = 4; lastKnownFileType = sourcecode.c.h; path = JDStatusBarView.h; sourceTree = "<group>"; };
		BC066F0618F6418900F96604 /* JDStatusBarView.m */ = {isa = PBXFileReference; fileEncoding = 4; lastKnownFileType = sourcecode.c.objc; path = JDStatusBarView.m; sourceTree = "<group>"; };
		BC0A377118C8FE4000566D5D /* BHBuilding.h */ = {isa = PBXFileReference; fileEncoding = 4; lastKnownFileType = sourcecode.c.h; path = BHBuilding.h; sourceTree = "<group>"; };
		BC0A377218C8FE4000566D5D /* BHBuilding.m */ = {isa = PBXFileReference; fileEncoding = 4; lastKnownFileType = sourcecode.c.objc; path = BHBuilding.m; sourceTree = "<group>"; };
		BC0A377618C8FE5400566D5D /* BHLocation.h */ = {isa = PBXFileReference; fileEncoding = 4; lastKnownFileType = sourcecode.c.h; path = BHLocation.h; sourceTree = "<group>"; };
		BC0A377718C8FE5400566D5D /* BHLocation.m */ = {isa = PBXFileReference; fileEncoding = 4; lastKnownFileType = sourcecode.c.objc; path = BHLocation.m; sourceTree = "<group>"; };
		BC129189192A06AA00225A13 /* pin_green_small.png */ = {isa = PBXFileReference; lastKnownFileType = image.png; path = pin_green_small.png; sourceTree = "<group>"; };
		BC12918A192A06AA00225A13 /* pin_green.png */ = {isa = PBXFileReference; lastKnownFileType = image.png; path = pin_green.png; sourceTree = "<group>"; };
		BC12918B192A06AA00225A13 /* pin_red_small.png */ = {isa = PBXFileReference; lastKnownFileType = image.png; path = pin_red_small.png; sourceTree = "<group>"; };
		BC12918C192A06AA00225A13 /* pin_red.png */ = {isa = PBXFileReference; lastKnownFileType = image.png; path = pin_red.png; sourceTree = "<group>"; };
		BC129194192A3E0900225A13 /* BHUtils.h */ = {isa = PBXFileReference; fileEncoding = 4; lastKnownFileType = sourcecode.c.h; path = BHUtils.h; sourceTree = "<group>"; };
		BC129195192A3E0900225A13 /* BHUtils.m */ = {isa = PBXFileReference; fileEncoding = 4; lastKnownFileType = sourcecode.c.objc; path = BHUtils.m; sourceTree = "<group>"; };
		BC2AA54A18BC68BC0001BA98 /* Security.framework */ = {isa = PBXFileReference; lastKnownFileType = wrapper.framework; name = Security.framework; path = System/Library/Frameworks/Security.framework; sourceTree = SDKROOT; };
		BC2AA54C18BC68C40001BA98 /* CFNetwork.framework */ = {isa = PBXFileReference; lastKnownFileType = wrapper.framework; name = CFNetwork.framework; path = System/Library/Frameworks/CFNetwork.framework; sourceTree = SDKROOT; };
		BC2AA54E18BC68CE0001BA98 /* SystemConfiguration.framework */ = {isa = PBXFileReference; lastKnownFileType = wrapper.framework; name = SystemConfiguration.framework; path = System/Library/Frameworks/SystemConfiguration.framework; sourceTree = SDKROOT; };
		BC2AA55018BC68D50001BA98 /* CoreData.framework */ = {isa = PBXFileReference; lastKnownFileType = wrapper.framework; name = CoreData.framework; path = System/Library/Frameworks/CoreData.framework; sourceTree = SDKROOT; };
		BC324E5618BD1A9A005997C5 /* Beehive.png */ = {isa = PBXFileReference; lastKnownFileType = image.png; path = Beehive.png; sourceTree = "<group>"; };
		BC3EFE07190B562600E0BC30 /* Beehive_rounded.png */ = {isa = PBXFileReference; lastKnownFileType = image.png; path = Beehive_rounded.png; sourceTree = "<group>"; };
		BC3EFE10190B5B0C00E0BC30 /* BHSettingViewController.h */ = {isa = PBXFileReference; fileEncoding = 4; lastKnownFileType = sourcecode.c.h; path = BHSettingViewController.h; sourceTree = "<group>"; };
		BC3EFE11190B5B0C00E0BC30 /* BHSettingViewController.m */ = {isa = PBXFileReference; fileEncoding = 4; lastKnownFileType = sourcecode.c.objc; path = BHSettingViewController.m; sourceTree = "<group>"; };
		BC3EFE13190B5B2300E0BC30 /* BHAboutViewController.h */ = {isa = PBXFileReference; fileEncoding = 4; lastKnownFileType = sourcecode.c.h; path = BHAboutViewController.h; sourceTree = "<group>"; };
		BC3EFE14190B5B2300E0BC30 /* BHAboutViewController.m */ = {isa = PBXFileReference; fileEncoding = 4; lastKnownFileType = sourcecode.c.objc; path = BHAboutViewController.m; sourceTree = "<group>"; };
		BC3EFE16190B618500E0BC30 /* button_background1.png */ = {isa = PBXFileReference; lastKnownFileType = image.png; path = button_background1.png; sourceTree = "<group>"; };
		BC61406D190BF98300B7E45F /* MobileCoreServices.framework */ = {isa = PBXFileReference; lastKnownFileType = wrapper.framework; name = MobileCoreServices.framework; path = System/Library/Frameworks/MobileCoreServices.framework; sourceTree = SDKROOT; };
		BC620D9718D28B7100D409A2 /* SDWebImage.framework */ = {isa = PBXFileReference; lastKnownFileType = wrapper.framework; name = SDWebImage.framework; path = BeeHive/SDWebImage.framework; sourceTree = "<group>"; };
		BC620D9B18D28BAF00D409A2 /* ImageIO.framework */ = {isa = PBXFileReference; lastKnownFileType = wrapper.framework; name = ImageIO.framework; path = System/Library/Frameworks/ImageIO.framework; sourceTree = SDKROOT; };
		BC620D9D18D28D6000D409A2 /* BHLocationTableViewCell.h */ = {isa = PBXFileReference; fileEncoding = 4; lastKnownFileType = sourcecode.c.h; path = BHLocationTableViewCell.h; sourceTree = "<group>"; };
		BC620D9E18D28D6000D409A2 /* BHLocationTableViewCell.m */ = {isa = PBXFileReference; fileEncoding = 4; lastKnownFileType = sourcecode.c.objc; path = BHLocationTableViewCell.m; sourceTree = "<group>"; };
		BC676C4C18B2881800A46750 /* BeeHive.app */ = {isa = PBXFileReference; explicitFileType = wrapper.application; includeInIndex = 0; path = BeeHive.app; sourceTree = BUILT_PRODUCTS_DIR; };
		BC676C4F18B2881800A46750 /* Foundation.framework */ = {isa = PBXFileReference; lastKnownFileType = wrapper.framework; name = Foundation.framework; path = System/Library/Frameworks/Foundation.framework; sourceTree = SDKROOT; };
		BC676C5118B2881800A46750 /* CoreGraphics.framework */ = {isa = PBXFileReference; lastKnownFileType = wrapper.framework; name = CoreGraphics.framework; path = System/Library/Frameworks/CoreGraphics.framework; sourceTree = SDKROOT; };
		BC676C5318B2881800A46750 /* UIKit.framework */ = {isa = PBXFileReference; lastKnownFileType = wrapper.framework; name = UIKit.framework; path = System/Library/Frameworks/UIKit.framework; sourceTree = SDKROOT; };
		BC676C5718B2881800A46750 /* BeeHive-Info.plist */ = {isa = PBXFileReference; lastKnownFileType = text.plist.xml; path = "BeeHive-Info.plist"; sourceTree = "<group>"; };
		BC676C5918B2881800A46750 /* en */ = {isa = PBXFileReference; lastKnownFileType = text.plist.strings; name = en; path = en.lproj/InfoPlist.strings; sourceTree = "<group>"; };
		BC676C5B18B2881800A46750 /* main.m */ = {isa = PBXFileReference; lastKnownFileType = sourcecode.c.objc; path = main.m; sourceTree = "<group>"; };
		BC676C5D18B2881800A46750 /* BeeHive-Prefix.pch */ = {isa = PBXFileReference; lastKnownFileType = sourcecode.c.h; path = "BeeHive-Prefix.pch"; sourceTree = "<group>"; };
		BC676C5E18B2881800A46750 /* BHAppDelegate.h */ = {isa = PBXFileReference; lastKnownFileType = sourcecode.c.h; path = BHAppDelegate.h; sourceTree = "<group>"; };
		BC676C5F18B2881800A46750 /* BHAppDelegate.m */ = {isa = PBXFileReference; lastKnownFileType = sourcecode.c.objc; path = BHAppDelegate.m; sourceTree = "<group>"; };
		BC676C6218B2881800A46750 /* Base */ = {isa = PBXFileReference; lastKnownFileType = file.storyboard; name = Base; path = Base.lproj/Main_iPhone.storyboard; sourceTree = "<group>"; };
		BC676C6518B2881800A46750 /* Base */ = {isa = PBXFileReference; lastKnownFileType = file.storyboard; name = Base; path = Base.lproj/Main_iPad.storyboard; sourceTree = "<group>"; };
		BC676C7318B2881900A46750 /* BeeHiveTests.xctest */ = {isa = PBXFileReference; explicitFileType = wrapper.cfbundle; includeInIndex = 0; path = BeeHiveTests.xctest; sourceTree = BUILT_PRODUCTS_DIR; };
		BC676C7418B2881900A46750 /* XCTest.framework */ = {isa = PBXFileReference; lastKnownFileType = wrapper.framework; name = XCTest.framework; path = Library/Frameworks/XCTest.framework; sourceTree = DEVELOPER_DIR; };
		BC676C7C18B2881900A46750 /* BeeHiveTests-Info.plist */ = {isa = PBXFileReference; lastKnownFileType = text.plist.xml; path = "BeeHiveTests-Info.plist"; sourceTree = "<group>"; };
		BC676C7E18B2881900A46750 /* en */ = {isa = PBXFileReference; lastKnownFileType = text.plist.strings; name = en; path = en.lproj/InfoPlist.strings; sourceTree = "<group>"; };
		BC676C8018B2881900A46750 /* BeeHiveTests.m */ = {isa = PBXFileReference; lastKnownFileType = sourcecode.c.objc; path = BeeHiveTests.m; sourceTree = "<group>"; };
		BC676C8A18B2893B00A46750 /* BHMapViewController.h */ = {isa = PBXFileReference; fileEncoding = 4; lastKnownFileType = sourcecode.c.h; name = BHMapViewController.h; path = ../BHMapViewController.h; sourceTree = "<group>"; };
		BC676C8B18B2893B00A46750 /* BHMapViewController.m */ = {isa = PBXFileReference; fileEncoding = 4; lastKnownFileType = sourcecode.c.objc; name = BHMapViewController.m; path = ../BHMapViewController.m; sourceTree = "<group>"; };
		BC676C9018B28A1000A46750 /* MapKit.framework */ = {isa = PBXFileReference; lastKnownFileType = wrapper.framework; name = MapKit.framework; path = System/Library/Frameworks/MapKit.framework; sourceTree = SDKROOT; };
		BC6AA28818BDA190004674F2 /* BHBuildingAnnotation.h */ = {isa = PBXFileReference; fileEncoding = 4; lastKnownFileType = sourcecode.c.h; name = BHBuildingAnnotation.h; path = ../BHBuildingAnnotation.h; sourceTree = "<group>"; };
		BC6AA28918BDA190004674F2 /* BHBuildingAnnotation.m */ = {isa = PBXFileReference; fileEncoding = 4; lastKnownFileType = sourcecode.c.objc; name = BHBuildingAnnotation.m; path = ../BHBuildingAnnotation.m; sourceTree = "<group>"; };
		BC6AA28D18BDA1D6004674F2 /* CoreLocation.framework */ = {isa = PBXFileReference; lastKnownFileType = wrapper.framework; name = CoreLocation.framework; path = System/Library/Frameworks/CoreLocation.framework; sourceTree = SDKROOT; };
		BC6AA28F18BDAC75004674F2 /* disclosure.png */ = {isa = PBXFileReference; lastKnownFileType = image.png; path = disclosure.png; sourceTree = "<group>"; };
		BC70B83318E73DB400B4F33E /* BHDailyStat.h */ = {isa = PBXFileReference; fileEncoding = 4; lastKnownFileType = sourcecode.c.h; path = BHDailyStat.h; sourceTree = "<group>"; };
		BC70B83418E73DB400B4F33E /* BHDailyStat.m */ = {isa = PBXFileReference; fileEncoding = 4; lastKnownFileType = sourcecode.c.objc; path = BHDailyStat.m; sourceTree = "<group>"; };
		BC70B83818E73DFD00B4F33E /* BHHourlyStat.h */ = {isa = PBXFileReference; fileEncoding = 4; lastKnownFileType = sourcecode.c.h; path = BHHourlyStat.h; sourceTree = "<group>"; };
		BC70B83918E73DFD00B4F33E /* BHHourlyStat.m */ = {isa = PBXFileReference; fileEncoding = 4; lastKnownFileType = sourcecode.c.objc; path = BHHourlyStat.m; sourceTree = "<group>"; };
		BC74DD8918CF82D6002359B7 /* BHLocationDetailViewController.h */ = {isa = PBXFileReference; fileEncoding = 4; lastKnownFileType = sourcecode.c.h; path = BHLocationDetailViewController.h; sourceTree = "<group>"; };
		BC74DD8A18CF82D6002359B7 /* BHLocationDetailViewController.m */ = {isa = PBXFileReference; fileEncoding = 4; lastKnownFileType = sourcecode.c.objc; path = BHLocationDetailViewController.m; sourceTree = "<group>"; };
		BC74DD8E18CF84B0002359B7 /* BHContributionViewController.h */ = {isa = PBXFileReference; fileEncoding = 4; lastKnownFileType = sourcecode.c.h; path = BHContributionViewController.h; sourceTree = "<group>"; };
		BC74DD8F18CF84B0002359B7 /* BHContributionViewController.m */ = {isa = PBXFileReference; fileEncoding = 4; lastKnownFileType = sourcecode.c.objc; path = BHContributionViewController.m; sourceTree = "<group>"; };
		BC7C177118F4D8E500DF1ACA /* Default.png */ = {isa = PBXFileReference; lastKnownFileType = image.png; path = Default.png; sourceTree = "<group>"; };
		BC83438518F485F20023BC9B /* BHLocationAnnotationView.h */ = {isa = PBXFileReference; fileEncoding = 4; lastKnownFileType = sourcecode.c.h; path = BHLocationAnnotationView.h; sourceTree = "<group>"; };
		BC83438618F485F20023BC9B /* BHLocationAnnotationView.m */ = {isa = PBXFileReference; fileEncoding = 4; lastKnownFileType = sourcecode.c.objc; path = BHLocationAnnotationView.m; sourceTree = "<group>"; };
		BC83438E18F49B240023BC9B /* pin_orange_small.png */ = {isa = PBXFileReference; lastKnownFileType = image.png; path = pin_orange_small.png; sourceTree = "<group>"; };
		BC86AC8818EBAD88001068B0 /* BHLocationHourlyStat.h */ = {isa = PBXFileReference; fileEncoding = 4; lastKnownFileType = sourcecode.c.h; path = BHLocationHourlyStat.h; sourceTree = "<group>"; };
		BC86AC8918EBAD88001068B0 /* BHLocationHourlyStat.m */ = {isa = PBXFileReference; fileEncoding = 4; lastKnownFileType = sourcecode.c.objc; path = BHLocationHourlyStat.m; sourceTree = "<group>"; };
		BCAD56A718CA50AE009436B8 /* BHDataController.h */ = {isa = PBXFileReference; fileEncoding = 4; lastKnownFileType = sourcecode.c.h; path = BHDataController.h; sourceTree = "<group>"; };
		BCAD56A818CA50AE009436B8 /* BHDataController.m */ = {isa = PBXFileReference; fileEncoding = 4; lastKnownFileType = sourcecode.c.objc; path = BHDataController.m; sourceTree = "<group>"; };
		BCAD56B418CA5952009436B8 /* map-paper.png */ = {isa = PBXFileReference; lastKnownFileType = image.png; path = "map-paper.png"; sourceTree = "<group>"; };
		BCAD56B618CA5982009436B8 /* list-star.png */ = {isa = PBXFileReference; lastKnownFileType = image.png; path = "list-star.png"; sourceTree = "<group>"; };
		BCAD56BA18CA82C7009436B8 /* ODRefreshControl.h */ = {isa = PBXFileReference; fileEncoding = 4; lastKnownFileType = sourcecode.c.h; path = ODRefreshControl.h; sourceTree = "<group>"; };
		BCAD56BB18CA82C7009436B8 /* ODRefreshControl.m */ = {isa = PBXFileReference; fileEncoding = 4; lastKnownFileType = sourcecode.c.objc; path = ODRefreshControl.m; sourceTree = "<group>"; };
		BCAD56BF18CADD90009436B8 /* BHLocationAnnotation.h */ = {isa = PBXFileReference; fileEncoding = 4; lastKnownFileType = sourcecode.c.h; path = BHLocationAnnotation.h; sourceTree = "<group>"; };
		BCAD56C018CADD90009436B8 /* BHLocationAnnotation.m */ = {isa = PBXFileReference; fileEncoding = 4; lastKnownFileType = sourcecode.c.objc; path = BHLocationAnnotation.m; sourceTree = "<group>"; };
		BCAE8B7B18B66768006D052D /* QuartzCore.framework */ = {isa = PBXFileReference; lastKnownFileType = wrapper.framework; name = QuartzCore.framework; path = System/Library/Frameworks/QuartzCore.framework; sourceTree = SDKROOT; };
		BCAE8B7D18B66772006D052D /* Accelerate.framework */ = {isa = PBXFileReference; lastKnownFileType = wrapper.framework; name = Accelerate.framework; path = System/Library/Frameworks/Accelerate.framework; sourceTree = SDKROOT; };
		BCB30E6418B3CEF6009A3669 /* BHListViewController.h */ = {isa = PBXFileReference; fileEncoding = 4; lastKnownFileType = sourcecode.c.h; name = BHListViewController.h; path = ../BHListViewController.h; sourceTree = "<group>"; };
		BCB30E6518B3CEF6009A3669 /* BHListViewController.m */ = {isa = PBXFileReference; fileEncoding = 4; lastKnownFileType = sourcecode.c.objc; name = BHListViewController.m; path = ../BHListViewController.m; sourceTree = "<group>"; };
		BCD05DC218B6D94A005077AA /* CPDConstants.h */ = {isa = PBXFileReference; fileEncoding = 4; lastKnownFileType = sourcecode.c.h; path = CPDConstants.h; sourceTree = "<group>"; };
		BCD05DC318B6D94A005077AA /* CPDConstants.m */ = {isa = PBXFileReference; fileEncoding = 4; lastKnownFileType = sourcecode.c.objc; path = CPDConstants.m; sourceTree = "<group>"; };
		BCD05DC418B6D94A005077AA /* CPDStockPriceStore.h */ = {isa = PBXFileReference; fileEncoding = 4; lastKnownFileType = sourcecode.c.h; path = CPDStockPriceStore.h; sourceTree = "<group>"; };
		BCD05DC518B6D94A005077AA /* CPDStockPriceStore.m */ = {isa = PBXFileReference; fileEncoding = 4; lastKnownFileType = sourcecode.c.objc; path = CPDStockPriceStore.m; sourceTree = "<group>"; };
		BCE6326A18F79AA20031ADB6 /* pin_orange.png */ = {isa = PBXFileReference; lastKnownFileType = image.png; path = pin_orange.png; sourceTree = "<group>"; };
		BCED5EF8190A240D00B8BACB /* icon-error.png */ = {isa = PBXFileReference; lastKnownFileType = image.png; path = "icon-error.png"; sourceTree = "<group>"; };
		BCED5EF9190A240D00B8BACB /* icon-error@2x.png */ = {isa = PBXFileReference; lastKnownFileType = image.png; path = "icon-error@2x.png"; sourceTree = "<group>"; };
		BCED5EFA190A240D00B8BACB /* icon-info.png */ = {isa = PBXFileReference; lastKnownFileType = image.png; path = "icon-info.png"; sourceTree = "<group>"; };
		BCED5EFB190A240D00B8BACB /* icon-info@2x.png */ = {isa = PBXFileReference; lastKnownFileType = image.png; path = "icon-info@2x.png"; sourceTree = "<group>"; };
		BCED5EFC190A240D00B8BACB /* icon-success.png */ = {isa = PBXFileReference; lastKnownFileType = image.png; path = "icon-success.png"; sourceTree = "<group>"; };
		BCED5EFD190A240D00B8BACB /* icon-success@2x.png */ = {isa = PBXFileReference; lastKnownFileType = image.png; path = "icon-success@2x.png"; sourceTree = "<group>"; };
		BCED5EFE190A240D00B8BACB /* TWMessageBarManager.h */ = {isa = PBXFileReference; fileEncoding = 4; lastKnownFileType = sourcecode.c.h; path = TWMessageBarManager.h; sourceTree = "<group>"; };
		BCED5EFF190A240D00B8BACB /* TWMessageBarManager.m */ = {isa = PBXFileReference; fileEncoding = 4; lastKnownFileType = sourcecode.c.objc; path = TWMessageBarManager.m; sourceTree = "<group>"; };
		BCED5F00190A240D00B8BACB /* TWMessageBarManager.podspec */ = {isa = PBXFileReference; fileEncoding = 4; lastKnownFileType = text; path = TWMessageBarManager.podspec; sourceTree = "<group>"; };
		BCF24B5F18CB6D35006BA03A /* BHLocationStat.h */ = {isa = PBXFileReference; fileEncoding = 4; lastKnownFileType = sourcecode.c.h; path = BHLocationStat.h; sourceTree = "<group>"; };
		BCF24B6018CB6D35006BA03A /* BHLocationStat.m */ = {isa = PBXFileReference; fileEncoding = 4; lastKnownFileType = sourcecode.c.objc; path = BHLocationStat.m; sourceTree = "<group>"; };
/* End PBXFileReference section */

/* Begin PBXFrameworksBuildPhase section */
		BC676C4918B2881800A46750 /* Frameworks */ = {
			isa = PBXFrameworksBuildPhase;
			buildActionMask = 2147483647;
			files = (
				BC2AA54F18BC68CE0001BA98 /* SystemConfiguration.framework in Frameworks */,
				BCAE8B7C18B66768006D052D /* QuartzCore.framework in Frameworks */,
				A93A6DD8194A187800251669 /* OpenGLES.framework in Frameworks */,
				A93A6DD6194A186D00251669 /* libz.dylib in Frameworks */,
				A93A6DD4194A185D00251669 /* libicucore.dylib in Frameworks */,
				A93A6DD2194A184F00251669 /* libc++.dylib in Frameworks */,
				BC620D9C18D28BAF00D409A2 /* ImageIO.framework in Frameworks */,
				A93A6DD0194A182000251669 /* GLKit.framework in Frameworks */,
				A93A6DCE194A180E00251669 /* CoreText.framework in Frameworks */,
				BC2AA55118BC68D50001BA98 /* CoreData.framework in Frameworks */,
				A93A6DCC194A17D000251669 /* AVFoundation.framework in Frameworks */,
				A93A6DC61948F78B00251669 /* libCorePlot-CocoaTouch.a in Frameworks */,
				BC2AA54D18BC68C40001BA98 /* CFNetwork.framework in Frameworks */,
				BC2AA54B18BC68BC0001BA98 /* Security.framework in Frameworks */,
				BC61406E190BF98300B7E45F /* MobileCoreServices.framework in Frameworks */,
				BC6AA28E18BDA1D6004674F2 /* CoreLocation.framework in Frameworks */,
				BC676C5218B2881800A46750 /* CoreGraphics.framework in Frameworks */,
				BC676C5018B2881800A46750 /* Foundation.framework in Frameworks */,
				BC676C5418B2881800A46750 /* UIKit.framework in Frameworks */,
				BC620D9818D28B7100D409A2 /* SDWebImage.framework in Frameworks */,
				BCAE8B7E18B66772006D052D /* Accelerate.framework in Frameworks */,
				A93A6DC8194A172C00251669 /* GoogleMaps.framework in Frameworks */,
				BC676C9118B28A1000A46750 /* MapKit.framework in Frameworks */,
				BEEA1C9C13F34734A2A57CB3 /* libPods.a in Frameworks */,
			);
			runOnlyForDeploymentPostprocessing = 0;
		};
		BC676C7018B2881900A46750 /* Frameworks */ = {
			isa = PBXFrameworksBuildPhase;
			buildActionMask = 2147483647;
			files = (
				BC676C7518B2881900A46750 /* XCTest.framework in Frameworks */,
				BC676C7718B2881900A46750 /* UIKit.framework in Frameworks */,
				BC676C7618B2881900A46750 /* Foundation.framework in Frameworks */,
			);
			runOnlyForDeploymentPostprocessing = 0;
		};
/* End PBXFrameworksBuildPhase section */

/* Begin PBXGroup section */
		A93A6DBD1948F70900251669 /* Products */ = {
			isa = PBXGroup;
			children = (
				A93A6DC31948F70900251669 /* libCorePlot-CocoaTouch.a */,
			);
			name = Products;
			sourceTree = "<group>";
		};
		BC066EF918F637A300F96604 /* models */ = {
			isa = PBXGroup;
			children = (
				BC0A377118C8FE4000566D5D /* BHBuilding.h */,
				BC0A377218C8FE4000566D5D /* BHBuilding.m */,
				BC0A377618C8FE5400566D5D /* BHLocation.h */,
				BC0A377718C8FE5400566D5D /* BHLocation.m */,
				BCF24B5F18CB6D35006BA03A /* BHLocationStat.h */,
				BCF24B6018CB6D35006BA03A /* BHLocationStat.m */,
				BC86AC8818EBAD88001068B0 /* BHLocationHourlyStat.h */,
				BC86AC8918EBAD88001068B0 /* BHLocationHourlyStat.m */,
				BC70B83318E73DB400B4F33E /* BHDailyStat.h */,
				BC70B83418E73DB400B4F33E /* BHDailyStat.m */,
				BC70B83818E73DFD00B4F33E /* BHHourlyStat.h */,
				BC70B83918E73DFD00B4F33E /* BHHourlyStat.m */,
				BC066EFA18F637CA00F96604 /* BHQueueRequest.h */,
				BC066EFB18F637CA00F96604 /* BHQueueRequest.m */,
				BC066EFD18F6382E00F96604 /* BHQueueResponse.h */,
				BC066EFE18F6382E00F96604 /* BHQueueResponse.m */,
			);
			name = models;
			sourceTree = "<group>";
		};
		BC066F0018F6418900F96604 /* JDStatusBarNotification */ = {
			isa = PBXGroup;
			children = (
				BC066F0118F6418900F96604 /* JDStatusBarNotification.h */,
				BC066F0218F6418900F96604 /* JDStatusBarNotification.m */,
				BC066F0318F6418900F96604 /* JDStatusBarStyle.h */,
				BC066F0418F6418900F96604 /* JDStatusBarStyle.m */,
				BC066F0518F6418900F96604 /* JDStatusBarView.h */,
				BC066F0618F6418900F96604 /* JDStatusBarView.m */,
			);
			path = JDStatusBarNotification;
			sourceTree = "<group>";
		};
		BC676C4318B2881800A46750 = {
			isa = PBXGroup;
			children = (
				BCD05DC118B6D94A005077AA /* Starter Files */,
				BC676C5518B2881800A46750 /* BeeHive */,
				BC676C7A18B2881900A46750 /* BeeHiveTests */,
				BC676C4E18B2881800A46750 /* Frameworks */,
				BC676C4D18B2881800A46750 /* Products */,
				B95F5CF4F9F34E78B42E7B38 /* Pods.xcconfig */,
			);
			sourceTree = "<group>";
		};
		BC676C4D18B2881800A46750 /* Products */ = {
			isa = PBXGroup;
			children = (
				BC676C4C18B2881800A46750 /* BeeHive.app */,
				BC676C7318B2881900A46750 /* BeeHiveTests.xctest */,
			);
			name = Products;
			sourceTree = "<group>";
		};
		BC676C4E18B2881800A46750 /* Frameworks */ = {
			isa = PBXGroup;
			children = (
				A93A6DD7194A187800251669 /* OpenGLES.framework */,
				A93A6DD5194A186D00251669 /* libz.dylib */,
				A93A6DD3194A185D00251669 /* libicucore.dylib */,
				A93A6DD1194A184F00251669 /* libc++.dylib */,
				A93A6DCF194A182000251669 /* GLKit.framework */,
				A93A6DCD194A180E00251669 /* CoreText.framework */,
				A93A6DCB194A17D000251669 /* AVFoundation.framework */,
				A93A6DC9194A177400251669 /* GoogleMaps.bundle */,
				A93A6DC7194A172C00251669 /* GoogleMaps.framework */,
				BC620D9718D28B7100D409A2 /* SDWebImage.framework */,
				BC61406D190BF98300B7E45F /* MobileCoreServices.framework */,
				BC620D9B18D28BAF00D409A2 /* ImageIO.framework */,
				BC6AA28D18BDA1D6004674F2 /* CoreLocation.framework */,
				BC2AA55018BC68D50001BA98 /* CoreData.framework */,
				BC2AA54E18BC68CE0001BA98 /* SystemConfiguration.framework */,
				BC2AA54C18BC68C40001BA98 /* CFNetwork.framework */,
				BC2AA54A18BC68BC0001BA98 /* Security.framework */,
				BCAE8B7D18B66772006D052D /* Accelerate.framework */,
				BCAE8B7B18B66768006D052D /* QuartzCore.framework */,
				BC676C9018B28A1000A46750 /* MapKit.framework */,
				BC676C4F18B2881800A46750 /* Foundation.framework */,
				BC676C5118B2881800A46750 /* CoreGraphics.framework */,
				BC676C5318B2881800A46750 /* UIKit.framework */,
				BC676C7418B2881900A46750 /* XCTest.framework */,
				8538B954861740A5B5E1D500 /* libPods.a */,
			);
			name = Frameworks;
			sourceTree = "<group>";
		};
		BC676C5518B2881800A46750 /* BeeHive */ = {
			isa = PBXGroup;
			children = (
				BC3EFE13190B5B2300E0BC30 /* BHAboutViewController.h */,
				BC3EFE14190B5B2300E0BC30 /* BHAboutViewController.m */,
				BC676C5E18B2881800A46750 /* BHAppDelegate.h */,
				BC676C5F18B2881800A46750 /* BHAppDelegate.m */,
				A9E919B2195390BA0049D60C /* BHBeeHiveViewController.h */,
				A9E919B3195390BA0049D60C /* BHBeeHiveViewController.m */,
				BC6AA28818BDA190004674F2 /* BHBuildingAnnotation.h */,
				BC6AA28918BDA190004674F2 /* BHBuildingAnnotation.m */,
				A999CC251961F4A20082018A /* BHCheckinListViewController.h */,
				A999CC261961F4A20082018A /* BHCheckinListViewController.m */,
				BC74DD8E18CF84B0002359B7 /* BHContributionViewController.h */,
				BC74DD8F18CF84B0002359B7 /* BHContributionViewController.m */,
				BCAD56A718CA50AE009436B8 /* BHDataController.h */,
				BCAD56A818CA50AE009436B8 /* BHDataController.m */,
				BCB30E6418B3CEF6009A3669 /* BHListViewController.h */,
				BCB30E6518B3CEF6009A3669 /* BHListViewController.m */,
				BCAD56BF18CADD90009436B8 /* BHLocationAnnotation.h */,
				BCAD56C018CADD90009436B8 /* BHLocationAnnotation.m */,
				BC83438518F485F20023BC9B /* BHLocationAnnotationView.h */,
				BC83438618F485F20023BC9B /* BHLocationAnnotationView.m */,
				BC74DD8918CF82D6002359B7 /* BHLocationDetailViewController.h */,
				BC74DD8A18CF82D6002359B7 /* BHLocationDetailViewController.m */,
				BC620D9D18D28D6000D409A2 /* BHLocationTableViewCell.h */,
				BC620D9E18D28D6000D409A2 /* BHLocationTableViewCell.m */,
				BC676C8A18B2893B00A46750 /* BHMapViewController.h */,
				BC676C8B18B2893B00A46750 /* BHMapViewController.m */,
				A990BBCB19510BD70019BF49 /* BHProgressView.h */,
				A990BBCC19510BD70019BF49 /* BHProgressView.m */,
				A99778D9196CB70E00739A8F /* BHSetArrivalTimeViewController.h */,
				A99778DA196CB70E00739A8F /* BHSetArrivalTimeViewController.m */,
				BC3EFE10190B5B0C00E0BC30 /* BHSettingViewController.h */,
				BC3EFE11190B5B0C00E0BC30 /* BHSettingViewController.m */,
				BC129194192A3E0900225A13 /* BHUtils.h */,
				BC129195192A3E0900225A13 /* BHUtils.m */,
				A9D89483196DEF2E00FCE714 /* Images.xcassets */,
				A93A6DBC1948F70900251669 /* CorePlot-CocoaTouch.xcodeproj */,
				BC066F0018F6418900F96604 /* JDStatusBarNotification */,
				BC676C6418B2881800A46750 /* Main_iPad.storyboard */,
				BC676C6118B2881800A46750 /* Main_iPhone.storyboard */,
				BC066EF918F637A300F96604 /* models */,
				BCAD56B918CA82C7009436B8 /* ODRefreshControl */,
				BC676C5618B2881800A46750 /* Supporting Files */,
				BCED5EF6190A240D00B8BACB /* TWMessageBarManager */,
				A990BBD619510EEC0019BF49 /* UIColor+RGBValues.h */,
				A990BBD719510EEC0019BF49 /* UIColor+RGBValues.m */,
			);
			path = BeeHive;
			sourceTree = "<group>";
		};
		BC676C5618B2881800A46750 /* Supporting Files */ = {
			isa = PBXGroup;
			children = (
				A99778D5196A669200739A8F /* Check-in.png */,
				BC7C177118F4D8E500DF1ACA /* Default.png */,
				BC3EFE16190B618500E0BC30 /* button_background1.png */,
				BC3EFE07190B562600E0BC30 /* Beehive_rounded.png */,
				BC83438E18F49B240023BC9B /* pin_orange_small.png */,
				BCE6326A18F79AA20031ADB6 /* pin_orange.png */,
				BC129189192A06AA00225A13 /* pin_green_small.png */,
				BC12918A192A06AA00225A13 /* pin_green.png */,
				BC12918B192A06AA00225A13 /* pin_red_small.png */,
				BC12918C192A06AA00225A13 /* pin_red.png */,
				BCAD56B618CA5982009436B8 /* list-star.png */,
				BCAD56B418CA5952009436B8 /* map-paper.png */,
				BC6AA28F18BDAC75004674F2 /* disclosure.png */,
				BC324E5618BD1A9A005997C5 /* Beehive.png */,
				BC676C5718B2881800A46750 /* BeeHive-Info.plist */,
				BC676C5818B2881800A46750 /* InfoPlist.strings */,
				BC676C5B18B2881800A46750 /* main.m */,
				BC676C5D18B2881800A46750 /* BeeHive-Prefix.pch */,
			);
			name = "Supporting Files";
			sourceTree = "<group>";
		};
		BC676C7A18B2881900A46750 /* BeeHiveTests */ = {
			isa = PBXGroup;
			children = (
				BC676C8018B2881900A46750 /* BeeHiveTests.m */,
				BC676C7B18B2881900A46750 /* Supporting Files */,
			);
			path = BeeHiveTests;
			sourceTree = "<group>";
		};
		BC676C7B18B2881900A46750 /* Supporting Files */ = {
			isa = PBXGroup;
			children = (
				BC676C7C18B2881900A46750 /* BeeHiveTests-Info.plist */,
				BC676C7D18B2881900A46750 /* InfoPlist.strings */,
			);
			name = "Supporting Files";
			sourceTree = "<group>";
		};
		BCAD56B918CA82C7009436B8 /* ODRefreshControl */ = {
			isa = PBXGroup;
			children = (
				BCAD56BA18CA82C7009436B8 /* ODRefreshControl.h */,
				BCAD56BB18CA82C7009436B8 /* ODRefreshControl.m */,
			);
			path = ODRefreshControl;
			sourceTree = "<group>";
		};
		BCD05DC118B6D94A005077AA /* Starter Files */ = {
			isa = PBXGroup;
			children = (
				BCD05DC218B6D94A005077AA /* CPDConstants.h */,
				BCD05DC318B6D94A005077AA /* CPDConstants.m */,
				BCD05DC418B6D94A005077AA /* CPDStockPriceStore.h */,
				BCD05DC518B6D94A005077AA /* CPDStockPriceStore.m */,
			);
			path = "Starter Files";
			sourceTree = "<group>";
		};
		BCED5EF6190A240D00B8BACB /* TWMessageBarManager */ = {
			isa = PBXGroup;
			children = (
				BCED5EF7190A240D00B8BACB /* Icons */,
				BCED5EFE190A240D00B8BACB /* TWMessageBarManager.h */,
				BCED5EFF190A240D00B8BACB /* TWMessageBarManager.m */,
				BCED5F00190A240D00B8BACB /* TWMessageBarManager.podspec */,
			);
			path = TWMessageBarManager;
			sourceTree = "<group>";
		};
		BCED5EF7190A240D00B8BACB /* Icons */ = {
			isa = PBXGroup;
			children = (
				BCED5EF8190A240D00B8BACB /* icon-error.png */,
				BCED5EF9190A240D00B8BACB /* icon-error@2x.png */,
				BCED5EFA190A240D00B8BACB /* icon-info.png */,
				BCED5EFB190A240D00B8BACB /* icon-info@2x.png */,
				BCED5EFC190A240D00B8BACB /* icon-success.png */,
				BCED5EFD190A240D00B8BACB /* icon-success@2x.png */,
			);
			path = Icons;
			sourceTree = "<group>";
		};
/* End PBXGroup section */

/* Begin PBXNativeTarget section */
		BC676C4B18B2881800A46750 /* BeeHive */ = {
			isa = PBXNativeTarget;
			buildConfigurationList = BC676C8418B2881900A46750 /* Build configuration list for PBXNativeTarget "BeeHive" */;
			buildPhases = (
				07BC2F0585AE423FBD27CC4A /* Check Pods Manifest.lock */,
				BC676C4818B2881800A46750 /* Sources */,
				BC676C4918B2881800A46750 /* Frameworks */,
				BC676C4A18B2881800A46750 /* Resources */,
				B2060DDBFDCE47329A4FE0FE /* Copy Pods Resources */,
			);
			buildRules = (
			);
			dependencies = (
				A93A6DC51948F72B00251669 /* PBXTargetDependency */,
			);
			name = BeeHive;
			productName = BeeHive;
			productReference = BC676C4C18B2881800A46750 /* BeeHive.app */;
			productType = "com.apple.product-type.application";
		};
		BC676C7218B2881900A46750 /* BeeHiveTests */ = {
			isa = PBXNativeTarget;
			buildConfigurationList = BC676C8718B2881900A46750 /* Build configuration list for PBXNativeTarget "BeeHiveTests" */;
			buildPhases = (
				BC676C6F18B2881900A46750 /* Sources */,
				BC676C7018B2881900A46750 /* Frameworks */,
				BC676C7118B2881900A46750 /* Resources */,
			);
			buildRules = (
			);
			dependencies = (
				BC676C7918B2881900A46750 /* PBXTargetDependency */,
			);
			name = BeeHiveTests;
			productName = BeeHiveTests;
			productReference = BC676C7318B2881900A46750 /* BeeHiveTests.xctest */;
			productType = "com.apple.product-type.bundle.unit-test";
		};
/* End PBXNativeTarget section */

/* Begin PBXProject section */
		BC676C4418B2881800A46750 /* Project object */ = {
			isa = PBXProject;
			attributes = {
				CLASSPREFIX = BH;
				LastUpgradeCheck = 0510;
				ORGANIZATIONNAME = "Zhenyi Zhang";
				TargetAttributes = {
					BC676C4B18B2881800A46750 = {
						DevelopmentTeam = 4RB9N5385L;
					};
					BC676C7218B2881900A46750 = {
						TestTargetID = BC676C4B18B2881800A46750;
					};
				};
			};
			buildConfigurationList = BC676C4718B2881800A46750 /* Build configuration list for PBXProject "BeeHive" */;
			compatibilityVersion = "Xcode 3.2";
			developmentRegion = English;
			hasScannedForEncodings = 0;
			knownRegions = (
				en,
				Base,
			);
			mainGroup = BC676C4318B2881800A46750;
			productRefGroup = BC676C4D18B2881800A46750 /* Products */;
			projectDirPath = "";
			projectReferences = (
				{
					ProductGroup = A93A6DBD1948F70900251669 /* Products */;
					ProjectRef = A93A6DBC1948F70900251669 /* CorePlot-CocoaTouch.xcodeproj */;
				},
			);
			projectRoot = "";
			targets = (
				BC676C4B18B2881800A46750 /* BeeHive */,
				BC676C7218B2881900A46750 /* BeeHiveTests */,
			);
		};
/* End PBXProject section */

/* Begin PBXReferenceProxy section */
		A93A6DC31948F70900251669 /* libCorePlot-CocoaTouch.a */ = {
			isa = PBXReferenceProxy;
			fileType = archive.ar;
			path = "libCorePlot-CocoaTouch.a";
			remoteRef = A93A6DC21948F70900251669 /* PBXContainerItemProxy */;
			sourceTree = BUILT_PRODUCTS_DIR;
		};
/* End PBXReferenceProxy section */

/* Begin PBXResourcesBuildPhase section */
		BC676C4A18B2881800A46750 /* Resources */ = {
			isa = PBXResourcesBuildPhase;
			buildActionMask = 2147483647;
			files = (
				BC324E5718BD1A9A005997C5 /* Beehive.png in Resources */,
				BC83438F18F49B240023BC9B /* pin_orange_small.png in Resources */,
				BC6AA29018BDAC75004674F2 /* disclosure.png in Resources */,
				A9D89484196DEF2E00FCE714 /* Images.xcassets in Resources */,
				BC676C6618B2881800A46750 /* Main_iPad.storyboard in Resources */,
				BCED5F06190A240D00B8BACB /* icon-success@2x.png in Resources */,
				A99778D6196A669200739A8F /* Check-in.png in Resources */,
				BCAD56B718CA5982009436B8 /* list-star.png in Resources */,
				BC7C177218F4D8E500DF1ACA /* Default.png in Resources */,
				BCE6326B18F79AA20031ADB6 /* pin_orange.png in Resources */,
				BCED5F02190A240D00B8BACB /* icon-error@2x.png in Resources */,
				A93A6DCA194A177400251669 /* GoogleMaps.bundle in Resources */,
				BCAD56B518CA5952009436B8 /* map-paper.png in Resources */,
				BC12918F192A06AA00225A13 /* pin_red_small.png in Resources */,
				BC12918D192A06AA00225A13 /* pin_green_small.png in Resources */,
				BCED5F05190A240D00B8BACB /* icon-success.png in Resources */,
				BC3EFE08190B562600E0BC30 /* Beehive_rounded.png in Resources */,
				BCED5F03190A240D00B8BACB /* icon-info.png in Resources */,
				BCED5F08190A240D00B8BACB /* TWMessageBarManager.podspec in Resources */,
				BC3EFE17190B618600E0BC30 /* button_background1.png in Resources */,
				BC676C6318B2881800A46750 /* Main_iPhone.storyboard in Resources */,
				BCED5F01190A240D00B8BACB /* icon-error.png in Resources */,
				BC12918E192A06AA00225A13 /* pin_green.png in Resources */,
				BC676C5A18B2881800A46750 /* InfoPlist.strings in Resources */,
				BCED5F04190A240D00B8BACB /* icon-info@2x.png in Resources */,
				BC129190192A06AA00225A13 /* pin_red.png in Resources */,
			);
			runOnlyForDeploymentPostprocessing = 0;
		};
		BC676C7118B2881900A46750 /* Resources */ = {
			isa = PBXResourcesBuildPhase;
			buildActionMask = 2147483647;
			files = (
				BC676C7F18B2881900A46750 /* InfoPlist.strings in Resources */,
			);
			runOnlyForDeploymentPostprocessing = 0;
		};
/* End PBXResourcesBuildPhase section */

/* Begin PBXShellScriptBuildPhase section */
		07BC2F0585AE423FBD27CC4A /* Check Pods Manifest.lock */ = {
			isa = PBXShellScriptBuildPhase;
			buildActionMask = 2147483647;
			files = (
			);
			inputPaths = (
			);
			name = "Check Pods Manifest.lock";
			outputPaths = (
			);
			runOnlyForDeploymentPostprocessing = 0;
			shellPath = /bin/sh;
			shellScript = "diff \"${PODS_ROOT}/../Podfile.lock\" \"${PODS_ROOT}/Manifest.lock\" > /dev/null\nif [[ $? != 0 ]] ; then\n    cat << EOM\nerror: The sandbox is not in sync with the Podfile.lock. Run 'pod install' or update your CocoaPods installation.\nEOM\n    exit 1\nfi\n";
			showEnvVarsInLog = 0;
		};
		B2060DDBFDCE47329A4FE0FE /* Copy Pods Resources */ = {
			isa = PBXShellScriptBuildPhase;
			buildActionMask = 2147483647;
			files = (
			);
			inputPaths = (
			);
			name = "Copy Pods Resources";
			outputPaths = (
			);
			runOnlyForDeploymentPostprocessing = 0;
			shellPath = /bin/sh;
			shellScript = "\"${SRCROOT}/Pods/Pods-resources.sh\"\n";
			showEnvVarsInLog = 0;
		};
/* End PBXShellScriptBuildPhase section */

/* Begin PBXSourcesBuildPhase section */
		BC676C4818B2881800A46750 /* Sources */ = {
			isa = PBXSourcesBuildPhase;
			buildActionMask = 2147483647;
			files = (
				BC70B83A18E73DFD00B4F33E /* BHHourlyStat.m in Sources */,
				A990BBD819510EEC0019BF49 /* UIColor+RGBValues.m in Sources */,
				BC066EFC18F637CA00F96604 /* BHQueueRequest.m in Sources */,
				BC70B83518E73DB400B4F33E /* BHDailyStat.m in Sources */,
				BC676C6018B2881800A46750 /* BHAppDelegate.m in Sources */,
				BC86AC8A18EBAD88001068B0 /* BHLocationHourlyStat.m in Sources */,
				BC74DD9018CF84B0002359B7 /* BHContributionViewController.m in Sources */,
				BC74DD8B18CF82D6002359B7 /* BHLocationDetailViewController.m in Sources */,
				BC0A377818C8FE5400566D5D /* BHLocation.m in Sources */,
				BC066EFF18F6382E00F96604 /* BHQueueResponse.m in Sources */,
				BC676C5C18B2881800A46750 /* main.m in Sources */,
				BCAD56A918CA50AE009436B8 /* BHDataController.m in Sources */,
				A99778DB196CB70E00739A8F /* BHSetArrivalTimeViewController.m in Sources */,
				BC066F0718F6418A00F96604 /* JDStatusBarNotification.m in Sources */,
				BCD05DC718B6D94A005077AA /* CPDStockPriceStore.m in Sources */,
				BC3EFE12190B5B0C00E0BC30 /* BHSettingViewController.m in Sources */,
				BC3EFE15190B5B2300E0BC30 /* BHAboutViewController.m in Sources */,
				BCF24B6118CB6D35006BA03A /* BHLocationStat.m in Sources */,
				A999CC271961F4A20082018A /* BHCheckinListViewController.m in Sources */,
				BCED5F07190A240D00B8BACB /* TWMessageBarManager.m in Sources */,
				BC129196192A3E0900225A13 /* BHUtils.m in Sources */,
				BCB30E6618B3CEF6009A3669 /* BHListViewController.m in Sources */,
				BCAD56BC18CA82C7009436B8 /* ODRefreshControl.m in Sources */,
				A9E919B4195390BA0049D60C /* BHBeeHiveViewController.m in Sources */,
				BC066F0918F6418A00F96604 /* JDStatusBarView.m in Sources */,
				BC620D9F18D28D6000D409A2 /* BHLocationTableViewCell.m in Sources */,
				BC676C8C18B2893B00A46750 /* BHMapViewController.m in Sources */,
				A990BBCD19510BD70019BF49 /* BHProgressView.m in Sources */,
				BCAD56C118CADD90009436B8 /* BHLocationAnnotation.m in Sources */,
				BC0A377318C8FE4000566D5D /* BHBuilding.m in Sources */,
				BCD05DC618B6D94A005077AA /* CPDConstants.m in Sources */,
				BC066F0818F6418A00F96604 /* JDStatusBarStyle.m in Sources */,
				BC83438718F485F20023BC9B /* BHLocationAnnotationView.m in Sources */,
				BC6AA28A18BDA190004674F2 /* BHBuildingAnnotation.m in Sources */,
			);
			runOnlyForDeploymentPostprocessing = 0;
		};
		BC676C6F18B2881900A46750 /* Sources */ = {
			isa = PBXSourcesBuildPhase;
			buildActionMask = 2147483647;
			files = (
				BC676C8118B2881900A46750 /* BeeHiveTests.m in Sources */,
			);
			runOnlyForDeploymentPostprocessing = 0;
		};
/* End PBXSourcesBuildPhase section */

/* Begin PBXTargetDependency section */
		A93A6DC51948F72B00251669 /* PBXTargetDependency */ = {
			isa = PBXTargetDependency;
			name = "CorePlot-CocoaTouch";
			targetProxy = A93A6DC41948F72B00251669 /* PBXContainerItemProxy */;
		};
		BC676C7918B2881900A46750 /* PBXTargetDependency */ = {
			isa = PBXTargetDependency;
			target = BC676C4B18B2881800A46750 /* BeeHive */;
			targetProxy = BC676C7818B2881900A46750 /* PBXContainerItemProxy */;
		};
/* End PBXTargetDependency section */

/* Begin PBXVariantGroup section */
		BC676C5818B2881800A46750 /* InfoPlist.strings */ = {
			isa = PBXVariantGroup;
			children = (
				BC676C5918B2881800A46750 /* en */,
			);
			name = InfoPlist.strings;
			sourceTree = "<group>";
		};
		BC676C6118B2881800A46750 /* Main_iPhone.storyboard */ = {
			isa = PBXVariantGroup;
			children = (
				BC676C6218B2881800A46750 /* Base */,
			);
			name = Main_iPhone.storyboard;
			sourceTree = "<group>";
		};
		BC676C6418B2881800A46750 /* Main_iPad.storyboard */ = {
			isa = PBXVariantGroup;
			children = (
				BC676C6518B2881800A46750 /* Base */,
			);
			name = Main_iPad.storyboard;
			sourceTree = "<group>";
		};
		BC676C7D18B2881900A46750 /* InfoPlist.strings */ = {
			isa = PBXVariantGroup;
			children = (
				BC676C7E18B2881900A46750 /* en */,
			);
			name = InfoPlist.strings;
			sourceTree = "<group>";
		};
/* End PBXVariantGroup section */

/* Begin XCBuildConfiguration section */
		BC676C8218B2881900A46750 /* Debug */ = {
			isa = XCBuildConfiguration;
			buildSettings = {
				ALWAYS_SEARCH_USER_PATHS = NO;
				CLANG_CXX_LANGUAGE_STANDARD = "gnu++0x";
				CLANG_CXX_LIBRARY = "libc++";
				CLANG_ENABLE_MODULES = YES;
				CLANG_ENABLE_OBJC_ARC = YES;
				CLANG_WARN_BOOL_CONVERSION = YES;
				CLANG_WARN_CONSTANT_CONVERSION = YES;
				CLANG_WARN_DIRECT_OBJC_ISA_USAGE = YES_ERROR;
				CLANG_WARN_EMPTY_BODY = YES;
				CLANG_WARN_ENUM_CONVERSION = YES;
				CLANG_WARN_INT_CONVERSION = YES;
				CLANG_WARN_OBJC_ROOT_CLASS = YES_ERROR;
				CLANG_WARN__DUPLICATE_METHOD_MATCH = YES;
				"CODE_SIGN_IDENTITY[sdk=iphoneos*]" = "iPhone Developer";
				COPY_PHASE_STRIP = NO;
				GCC_C_LANGUAGE_STANDARD = gnu99;
				GCC_DYNAMIC_NO_PIC = NO;
				GCC_OPTIMIZATION_LEVEL = 0;
				GCC_PREPROCESSOR_DEFINITIONS = (
					"DEBUG=1",
					"$(inherited)",
				);
				GCC_SYMBOLS_PRIVATE_EXTERN = NO;
				GCC_WARN_64_TO_32_BIT_CONVERSION = YES;
				GCC_WARN_ABOUT_RETURN_TYPE = YES_ERROR;
				GCC_WARN_UNDECLARED_SELECTOR = YES;
				GCC_WARN_UNINITIALIZED_AUTOS = YES;
				GCC_WARN_UNUSED_FUNCTION = YES;
				GCC_WARN_UNUSED_VARIABLE = YES;
				IPHONEOS_DEPLOYMENT_TARGET = 7.0;
				ONLY_ACTIVE_ARCH = YES;
				SDKROOT = iphoneos;
				TARGETED_DEVICE_FAMILY = "1,2";
				USER_HEADER_SEARCH_PATHS = "$(inherited)";
			};
			name = Debug;
		};
		BC676C8318B2881900A46750 /* Release */ = {
			isa = XCBuildConfiguration;
			buildSettings = {
				ALWAYS_SEARCH_USER_PATHS = NO;
				CLANG_CXX_LANGUAGE_STANDARD = "gnu++0x";
				CLANG_CXX_LIBRARY = "libc++";
				CLANG_ENABLE_MODULES = YES;
				CLANG_ENABLE_OBJC_ARC = YES;
				CLANG_WARN_BOOL_CONVERSION = YES;
				CLANG_WARN_CONSTANT_CONVERSION = YES;
				CLANG_WARN_DIRECT_OBJC_ISA_USAGE = YES_ERROR;
				CLANG_WARN_EMPTY_BODY = YES;
				CLANG_WARN_ENUM_CONVERSION = YES;
				CLANG_WARN_INT_CONVERSION = YES;
				CLANG_WARN_OBJC_ROOT_CLASS = YES_ERROR;
				CLANG_WARN__DUPLICATE_METHOD_MATCH = YES;
				"CODE_SIGN_IDENTITY[sdk=iphoneos*]" = "iPhone Developer";
				COPY_PHASE_STRIP = YES;
				ENABLE_NS_ASSERTIONS = NO;
				GCC_C_LANGUAGE_STANDARD = gnu99;
				GCC_WARN_64_TO_32_BIT_CONVERSION = YES;
				GCC_WARN_ABOUT_RETURN_TYPE = YES_ERROR;
				GCC_WARN_UNDECLARED_SELECTOR = YES;
				GCC_WARN_UNINITIALIZED_AUTOS = YES;
				GCC_WARN_UNUSED_FUNCTION = YES;
				GCC_WARN_UNUSED_VARIABLE = YES;
				IPHONEOS_DEPLOYMENT_TARGET = 7.0;
				ONLY_ACTIVE_ARCH = NO;
				SDKROOT = iphoneos;
				TARGETED_DEVICE_FAMILY = "1,2";
				USER_HEADER_SEARCH_PATHS = "$(inherited)";
				VALIDATE_PRODUCT = YES;
			};
			name = Release;
		};
		BC676C8518B2881900A46750 /* Debug */ = {
			isa = XCBuildConfiguration;
			baseConfigurationReference = B95F5CF4F9F34E78B42E7B38 /* Pods.xcconfig */;
			buildSettings = {
				ASSETCATALOG_COMPILER_APPICON_NAME = AppIcon;
				ASSETCATALOG_COMPILER_LAUNCHIMAGE_NAME = LaunchImage;
				CODE_SIGN_IDENTITY = "iPhone Distribution: Zhenyi Zhang (4RB9N5385L)";
				"CODE_SIGN_IDENTITY[sdk=iphoneos*]" = "iPhone Distribution: Zhenyi Zhang (4RB9N5385L)";
				FRAMEWORK_SEARCH_PATHS = (
					"$(inherited)",
					"$(PROJECT_DIR)/BeeHive",
					"$(PROJECT_DIR)",
				);
				GCC_PRECOMPILE_PREFIX_HEADER = YES;
				GCC_PREFIX_HEADER = "BeeHive/BeeHive-Prefix.pch";
				HEADER_SEARCH_PATHS = (
					"$(inherited)/**",
					/Applications/Xcode.app/Contents/Developer/Toolchains/XcodeDefault.xctoolchain/usr/include,
					"/Users/horus/Documents/core-plot-master/framework/**",
				);
				INFOPLIST_FILE = "BeeHive/BeeHive-Info.plist";
				IPHONEOS_DEPLOYMENT_TARGET = 7.0;
				LIBRARY_SEARCH_PATHS = (
					"$(inherited)",
					"$(PROJECT_DIR)/Pods/build/Debug-iphoneos",
				);
				OTHER_LDFLAGS = (
					"-ObjC",
					"-all_load",
					"$(inherited)",
				);
				"OTHER_LDFLAGS[arch=*]" = (
					"-ObjC",
					"-all_load",
					"$(inherited)",
				);
				PRODUCT_NAME = "$(TARGET_NAME)";
				PROVISIONING_PROFILE = "1C0048D1-50D0-4984-9FF4-F43E490EAAC7";
				VALID_ARCHS = "arm64 armv7 armv7s";
				WRAPPER_EXTENSION = app;
			};
			name = Debug;
		};
		BC676C8618B2881900A46750 /* Release */ = {
			isa = XCBuildConfiguration;
			baseConfigurationReference = B95F5CF4F9F34E78B42E7B38 /* Pods.xcconfig */;
			buildSettings = {
				ASSETCATALOG_COMPILER_APPICON_NAME = AppIcon;
				ASSETCATALOG_COMPILER_LAUNCHIMAGE_NAME = LaunchImage;
				CODE_SIGN_IDENTITY = "iPhone Distribution: Zhenyi Zhang (4RB9N5385L)";
				"CODE_SIGN_IDENTITY[sdk=iphoneos*]" = "iPhone Distribution: Zhenyi Zhang (4RB9N5385L)";
				FRAMEWORK_SEARCH_PATHS = (
					"$(inherited)",
					"$(PROJECT_DIR)/BeeHive",
					"$(PROJECT_DIR)",
				);
				GCC_PRECOMPILE_PREFIX_HEADER = YES;
				GCC_PREFIX_HEADER = "BeeHive/BeeHive-Prefix.pch";
				HEADER_SEARCH_PATHS = (
					"$(inherited)/**",
					/Applications/Xcode.app/Contents/Developer/Toolchains/XcodeDefault.xctoolchain/usr/include,
					"/Users/horus/Documents/core-plot-master/framework/**",
				);
				INFOPLIST_FILE = "BeeHive/BeeHive-Info.plist";
				IPHONEOS_DEPLOYMENT_TARGET = 7.0;
				LIBRARY_SEARCH_PATHS = (
					"$(inherited)",
					"$(PROJECT_DIR)/Pods/build/Debug-iphoneos",
				);
				OTHER_LDFLAGS = (
					"-ObjC",
					"-all_load",
					"$(inherited)",
				);
				PRODUCT_NAME = "$(TARGET_NAME)";
				PROVISIONING_PROFILE = "1C0048D1-50D0-4984-9FF4-F43E490EAAC7";
				VALID_ARCHS = "arm64 armv7 armv7s";
				WRAPPER_EXTENSION = app;
			};
			name = Release;
		};
		BC676C8818B2881900A46750 /* Debug */ = {
			isa = XCBuildConfiguration;
			buildSettings = {
				BUNDLE_LOADER = "$(BUILT_PRODUCTS_DIR)/BeeHive.app/BeeHive";
				FRAMEWORK_SEARCH_PATHS = (
					"$(SDKROOT)/Developer/Library/Frameworks",
					"$(inherited)",
					"$(DEVELOPER_FRAMEWORKS_DIR)",
				);
				GCC_PRECOMPILE_PREFIX_HEADER = YES;
				GCC_PREFIX_HEADER = "BeeHive/BeeHive-Prefix.pch";
				GCC_PREPROCESSOR_DEFINITIONS = (
					"DEBUG=1",
					"$(inherited)",
				);
				INFOPLIST_FILE = "BeeHiveTests/BeeHiveTests-Info.plist";
				PRODUCT_NAME = "$(TARGET_NAME)";
				TEST_HOST = "$(BUNDLE_LOADER)";
				WRAPPER_EXTENSION = xctest;
			};
			name = Debug;
		};
		BC676C8918B2881900A46750 /* Release */ = {
			isa = XCBuildConfiguration;
			buildSettings = {
				BUNDLE_LOADER = "$(BUILT_PRODUCTS_DIR)/BeeHive.app/BeeHive";
				FRAMEWORK_SEARCH_PATHS = (
					"$(SDKROOT)/Developer/Library/Frameworks",
					"$(inherited)",
					"$(DEVELOPER_FRAMEWORKS_DIR)",
				);
				GCC_PRECOMPILE_PREFIX_HEADER = YES;
				GCC_PREFIX_HEADER = "BeeHive/BeeHive-Prefix.pch";
				INFOPLIST_FILE = "BeeHiveTests/BeeHiveTests-Info.plist";
				PRODUCT_NAME = "$(TARGET_NAME)";
				TEST_HOST = "$(BUNDLE_LOADER)";
				WRAPPER_EXTENSION = xctest;
			};
			name = Release;
		};
/* End XCBuildConfiguration section */

/* Begin XCConfigurationList section */
		BC676C4718B2881800A46750 /* Build configuration list for PBXProject "BeeHive" */ = {
			isa = XCConfigurationList;
			buildConfigurations = (
				BC676C8218B2881900A46750 /* Debug */,
				BC676C8318B2881900A46750 /* Release */,
			);
			defaultConfigurationIsVisible = 0;
			defaultConfigurationName = Release;
		};
		BC676C8418B2881900A46750 /* Build configuration list for PBXNativeTarget "BeeHive" */ = {
			isa = XCConfigurationList;
			buildConfigurations = (
				BC676C8518B2881900A46750 /* Debug */,
				BC676C8618B2881900A46750 /* Release */,
			);
			defaultConfigurationIsVisible = 0;
			defaultConfigurationName = Release;
		};
		BC676C8718B2881900A46750 /* Build configuration list for PBXNativeTarget "BeeHiveTests" */ = {
			isa = XCConfigurationList;
			buildConfigurations = (
				BC676C8818B2881900A46750 /* Debug */,
				BC676C8918B2881900A46750 /* Release */,
			);
			defaultConfigurationIsVisible = 0;
			defaultConfigurationName = Release;
		};
/* End XCConfigurationList section */
	};
	rootObject = BC676C4418B2881800A46750 /* Project object */;
}
